
Microsoft Visual Studio Solution File, Format Version 12.00
# Visual Studio 15
VisualStudioVersion = 15.0.28307.271
MinimumVisualStudioVersion = 10.0.40219.1
Project("{FAE04EC0-301F-11D3-BF4B-00C04F79EFBC}") = "HorseRacr", "HorseRacr\HorseRacr.csproj", "{1DD0771C-D15F-4707-B50F-B45F8675E866}"
EndProject
Project("{FAE04EC0-301F-11D3-BF4B-00C04F79EFBC}") = "HorseRacrTests", "HorseRacrTests\HorseRacrTests.csproj", "{FA994217-A16D-4E9E-BF24-634C449BB5C6}"
EndProject
Global
	GlobalSection(SolutionConfigurationPlatforms) = preSolution
		Debug|Any CPU = Debug|Any CPU
		Release|Any CPU = Release|Any CPU
	EndGlobalSection
	GlobalSection(ProjectConfigurationPlatforms) = postSolution
		{1DD0771C-D15F-4707-B50F-B45F8675E866}.Debug|Any CPU.ActiveCfg = Debug|Any CPU
		{1DD0771C-D15F-4707-B50F-B45F8675E866}.Debug|Any CPU.Build.0 = Debug|Any CPU
		{1DD0771C-D15F-4707-B50F-B45F8675E866}.Release|Any CPU.ActiveCfg = Release|Any CPU
		{1DD0771C-D15F-4707-B50F-B45F8675E866}.Release|Any CPU.Build.0 = Release|Any CPU
		{FA994217-A16D-4E9E-BF24-634C449BB5C6}.Debug|Any CPU.ActiveCfg = Debug|Any CPU
		{FA994217-A16D-4E9E-BF24-634C449BB5C6}.Debug|Any CPU.Build.0 = Debug|Any CPU
		{FA994217-A16D-4E9E-BF24-634C449BB5C6}.Release|Any CPU.ActiveCfg = Release|Any CPU
		{FA994217-A16D-4E9E-BF24-634C449BB5C6}.Release|Any CPU.Build.0 = Release|Any CPU
	EndGlobalSection
	GlobalSection(SolutionProperties) = preSolution
		HideSolutionNode = FALSE
	EndGlobalSection
	GlobalSection(ExtensibilityGlobals) = postSolution
		SolutionGuid = {74980544-DA7D-42D2-A892-6B670D131DA3}
	EndGlobalSection
EndGlobal
